// !$*UTF8*$!
{
	archiveVersion = 1;
	classes = {
	};
	objectVersion = 46;
	objects = {

/* Begin PBXBuildFile section */
		4E2BB9FA1B297E170025F63A /* UIView+Toast.m in Sources */ = {isa = PBXBuildFile; fileRef = 4E2BB9F91B297E170025F63A /* UIView+Toast.m */; };
		4E2BB9FD1B2AC6670025F63A /* SystemConfiguration.framework in Frameworks */ = {isa = PBXBuildFile; fileRef = 4E2BB9FC1B2AC6670025F63A /* SystemConfiguration.framework */; };
		4E2BBA001B2AC7D20025F63A /* Reachability.m in Sources */ = {isa = PBXBuildFile; fileRef = 4E2BB9FF1B2AC7D20025F63A /* Reachability.m */; };
		4E94237E1B1887F700798E3B /* Localizable.strings in Resources */ = {isa = PBXBuildFile; fileRef = 4E9423801B1887F700798E3B /* Localizable.strings */; };
		4EBCB7841B186FBB00D7B257 /* main.m in Sources */ = {isa = PBXBuildFile; fileRef = 4EBCB7831B186FBB00D7B257 /* main.m */; };
		4EBCB7871B186FBB00D7B257 /* AppDelegate.m in Sources */ = {isa = PBXBuildFile; fileRef = 4EBCB7861B186FBB00D7B257 /* AppDelegate.m */; };
		4EBCB78D1B186FBB00D7B257 /* Main.storyboard in Resources */ = {isa = PBXBuildFile; fileRef = 4EBCB78B1B186FBB00D7B257 /* Main.storyboard */; };
		4EBCB7921B186FBB00D7B257 /* LaunchScreen.xib in Resources */ = {isa = PBXBuildFile; fileRef = 4EBCB7901B186FBB00D7B257 /* LaunchScreen.xib */; };
		4EBCB7A81B1870BF00D7B257 /* Images.xcassets in Resources */ = {isa = PBXBuildFile; fileRef = 4EBCB7A71B1870BF00D7B257 /* Images.xcassets */; };
		4EBCB7B41B18725C00D7B257 /* GradientView.m in Sources */ = {isa = PBXBuildFile; fileRef = 4EBCB7AB1B18725C00D7B257 /* GradientView.m */; };
		4EBCB7B51B18725C00D7B257 /* OYMTransparentTextField.m in Sources */ = {isa = PBXBuildFile; fileRef = 4EBCB7AD1B18725C00D7B257 /* OYMTransparentTextField.m */; };
		4EBCB7B61B18725C00D7B257 /* PrimaryBarView.m in Sources */ = {isa = PBXBuildFile; fileRef = 4EBCB7AF1B18725C00D7B257 /* PrimaryBarView.m */; };
		4EBCB7B71B18725C00D7B257 /* RoundedButton.m in Sources */ = {isa = PBXBuildFile; fileRef = 4EBCB7B11B18725C00D7B257 /* RoundedButton.m */; };
		4EBCB7B81B18725C00D7B257 /* UpperBar.m in Sources */ = {isa = PBXBuildFile; fileRef = 4EBCB7B31B18725C00D7B257 /* UpperBar.m */; };
		4EBCB7C21B18727500D7B257 /* Colors.m in Sources */ = {isa = PBXBuildFile; fileRef = 4EBCB7BB1B18727500D7B257 /* Colors.m */; };
		4EBCB7C31B18727500D7B257 /* OYMAnnotation.m in Sources */ = {isa = PBXBuildFile; fileRef = 4EBCB7BD1B18727500D7B257 /* OYMAnnotation.m */; };
		4EBCB7C41B18727500D7B257 /* OYMLocationResult+CLLocation.m in Sources */ = {isa = PBXBuildFile; fileRef = 4EBCB7BF1B18727500D7B257 /* OYMLocationResult+CLLocation.m */; };
		4EBCB7C51B18727500D7B257 /* UIImage+Tint.m in Sources */ = {isa = PBXBuildFile; fileRef = 4EBCB7C11B18727500D7B257 /* UIImage+Tint.m */; };
		4EBCB7CB1B18728800D7B257 /* Delegate.m in Sources */ = {isa = PBXBuildFile; fileRef = 4EBCB7C81B18728800D7B257 /* Delegate.m */; };
		4EBCB7CC1B18728800D7B257 /* GlobalState.m in Sources */ = {isa = PBXBuildFile; fileRef = 4EBCB7CA1B18728800D7B257 /* GlobalState.m */; };
		4EBCB7D81B18729C00D7B257 /* HelpViewController.m in Sources */ = {isa = PBXBuildFile; fileRef = 4EBCB7CF1B18729C00D7B257 /* HelpViewController.m */; };
		4EBCB7D91B18729C00D7B257 /* InitialViewController.m in Sources */ = {isa = PBXBuildFile; fileRef = 4EBCB7D11B18729C00D7B257 /* InitialViewController.m */; };
		4EBCB7DA1B18729C00D7B257 /* InstructionsViewController.m in Sources */ = {isa = PBXBuildFile; fileRef = 4EBCB7D31B18729C00D7B257 /* InstructionsViewController.m */; };
		4EBCB7DB1B18729C00D7B257 /* MapViewController.m in Sources */ = {isa = PBXBuildFile; fileRef = 4EBCB7D51B18729C00D7B257 /* MapViewController.m */; };
		4EBCB7DC1B18729C00D7B257 /* SplashViewController.m in Sources */ = {isa = PBXBuildFile; fileRef = 4EBCB7D71B18729C00D7B257 /* SplashViewController.m */; };
		FC0AB0391B8CAA54000E9280 /* UserProfileViewController.m in Sources */ = {isa = PBXBuildFile; fileRef = FC0AB0381B8CAA54000E9280 /* UserProfileViewController.m */; };
		FC0B8FFC1B87314600314223 /* MainViewController.m in Sources */ = {isa = PBXBuildFile; fileRef = FC0B8FFB1B87314600314223 /* MainViewController.m */; };
		FC13D20C1B904D650041FFF4 /* IQNSArray+Sort.m in Sources */ = {isa = PBXBuildFile; fileRef = FC13D1EA1B904D650041FFF4 /* IQNSArray+Sort.m */; };
		FC13D20D1B904D650041FFF4 /* IQUITextFieldView+Additions.m in Sources */ = {isa = PBXBuildFile; fileRef = FC13D1EC1B904D650041FFF4 /* IQUITextFieldView+Additions.m */; };
		FC13D20E1B904D650041FFF4 /* IQUIView+Hierarchy.m in Sources */ = {isa = PBXBuildFile; fileRef = FC13D1EE1B904D650041FFF4 /* IQUIView+Hierarchy.m */; };
		FC13D20F1B904D650041FFF4 /* IQUIViewController+Additions.m in Sources */ = {isa = PBXBuildFile; fileRef = FC13D1F01B904D650041FFF4 /* IQUIViewController+Additions.m */; };
		FC13D2101B904D650041FFF4 /* IQUIWindow+Hierarchy.m in Sources */ = {isa = PBXBuildFile; fileRef = FC13D1F21B904D650041FFF4 /* IQUIWindow+Hierarchy.m */; };
		FC13D2111B904D650041FFF4 /* IQKeyboardManager.m in Sources */ = {isa = PBXBuildFile; fileRef = FC13D1F71B904D650041FFF4 /* IQKeyboardManager.m */; };
		FC13D2121B904D650041FFF4 /* IQKeyboardReturnKeyHandler.m in Sources */ = {isa = PBXBuildFile; fileRef = FC13D1F91B904D650041FFF4 /* IQKeyboardReturnKeyHandler.m */; };
		FC13D2131B904D650041FFF4 /* IQSegmentedNextPrevious.m in Sources */ = {isa = PBXBuildFile; fileRef = FC13D1FC1B904D650041FFF4 /* IQSegmentedNextPrevious.m */; };
		FC13D2141B904D650041FFF4 /* IQTextView.m in Sources */ = {isa = PBXBuildFile; fileRef = FC13D1FF1B904D650041FFF4 /* IQTextView.m */; };
		FC13D2151B904D650041FFF4 /* IQBarButtonItem.m in Sources */ = {isa = PBXBuildFile; fileRef = FC13D2021B904D650041FFF4 /* IQBarButtonItem.m */; };
		FC13D2161B904D650041FFF4 /* IQTitleBarButtonItem.m in Sources */ = {isa = PBXBuildFile; fileRef = FC13D2041B904D650041FFF4 /* IQTitleBarButtonItem.m */; };
		FC13D2171B904D650041FFF4 /* IQToolbar.m in Sources */ = {isa = PBXBuildFile; fileRef = FC13D2061B904D650041FFF4 /* IQToolbar.m */; };
		FC13D2181B904D650041FFF4 /* IQUIView+IQKeyboardToolbar.m in Sources */ = {isa = PBXBuildFile; fileRef = FC13D2081B904D650041FFF4 /* IQUIView+IQKeyboardToolbar.m */; };
		FC13D2191B904D650041FFF4 /* IQKeyboardManager.bundle in Resources */ = {isa = PBXBuildFile; fileRef = FC13D20B1B904D650041FFF4 /* IQKeyboardManager.bundle */; };
		FC1BAF261B8D9CA30090F606 /* RadioButton.m in Sources */ = {isa = PBXBuildFile; fileRef = FC1BAF251B8D9CA30090F606 /* RadioButton.m */; };
		FC1BAF2C1B8DF32D0090F606 /* UserProfileCell.m in Sources */ = {isa = PBXBuildFile; fileRef = FC1BAF2B1B8DF32D0090F606 /* UserProfileCell.m */; };
		FC1BAF2F1B8DF3500090F606 /* UserProfileRadioButtonCell.m in Sources */ = {isa = PBXBuildFile; fileRef = FC1BAF2E1B8DF3500090F606 /* UserProfileRadioButtonCell.m */; };
		FC1BAF321B8DF3660090F606 /* UserProfileTextFieldCell.m in Sources */ = {isa = PBXBuildFile; fileRef = FC1BAF311B8DF3660090F606 /* UserProfileTextFieldCell.m */; };
		FC1BAF351B8DF3770090F606 /* UserProfileSwitchCell.m in Sources */ = {isa = PBXBuildFile; fileRef = FC1BAF341B8DF3770090F606 /* UserProfileSwitchCell.m */; };
		FC1C5E301BC7D87B0004BCDA /* QuartzCore.framework in Frameworks */ = {isa = PBXBuildFile; fileRef = FC1C5E2F1BC7D87B0004BCDA /* QuartzCore.framework */; settings = {ATTRIBUTES = (Required, ); }; };
		FC1FB16C1BCE91EE0020517A /* ic_account_circle_black.png in Resources */ = {isa = PBXBuildFile; fileRef = FC1FB16A1BCE91EE0020517A /* ic_account_circle_black.png */; };
		FC1FB16D1BCE91EE0020517A /* ic_account_circle_black@2x.png in Resources */ = {isa = PBXBuildFile; fileRef = FC1FB16B1BCE91EE0020517A /* ic_account_circle_black@2x.png */; };
		FC6EAE1C1BFB27A0001D3E9D /* Goindoor.framework in Frameworks */ = {isa = PBXBuildFile; fileRef = FC6EAE1B1BFB27A0001D3E9D /* Goindoor.framework */; };
		FC6EAE221BFB3D65001D3E9D /* Routing.bundle in Resources */ = {isa = PBXBuildFile; fileRef = FC6EAE211BFB3D65001D3E9D /* Routing.bundle */; };
		FCB502381BE379FA00696FFF /* OptionsViewController.m in Sources */ = {isa = PBXBuildFile; fileRef = FCB502371BE379FA00696FFF /* OptionsViewController.m */; };
		FCDB3AE01BCD2DF50020B256 /* Links.framework in Frameworks */ = {isa = PBXBuildFile; fileRef = FCDB3ADF1BCD2DF50020B256 /* Links.framework */; settings = {ATTRIBUTES = (Required, ); }; };
/* End PBXBuildFile section */

/* Begin PBXFileReference section */
		4E2BB9F91B297E170025F63A /* UIView+Toast.m */ = {isa = PBXFileReference; fileEncoding = 4; lastKnownFileType = sourcecode.c.objc; name = "UIView+Toast.m"; path = "Utils/UIView+Toast.m"; sourceTree = "<group>"; };
		4E2BB9FB1B297E5F0025F63A /* UIView+Toast.h */ = {isa = PBXFileReference; lastKnownFileType = sourcecode.c.h; name = "UIView+Toast.h"; path = "Utils/UIView+Toast.h"; sourceTree = "<group>"; };
		4E2BB9FC1B2AC6670025F63A /* SystemConfiguration.framework */ = {isa = PBXFileReference; lastKnownFileType = wrapper.framework; name = SystemConfiguration.framework; path = System/Library/Frameworks/SystemConfiguration.framework; sourceTree = SDKROOT; };
		4E2BB9FE1B2AC7D20025F63A /* Reachability.h */ = {isa = PBXFileReference; fileEncoding = 4; lastKnownFileType = sourcecode.c.h; name = Reachability.h; path = Utils/Reachability.h; sourceTree = "<group>"; };
		4E2BB9FF1B2AC7D20025F63A /* Reachability.m */ = {isa = PBXFileReference; fileEncoding = 4; lastKnownFileType = sourcecode.c.objc; name = Reachability.m; path = Utils/Reachability.m; sourceTree = "<group>"; };
		4E94237F1B1887F700798E3B /* en */ = {isa = PBXFileReference; lastKnownFileType = text.plist.strings; name = en; path = en.lproj/Localizable.strings; sourceTree = "<group>"; };
		4E9423811B18881400798E3B /* ca */ = {isa = PBXFileReference; lastKnownFileType = text.plist.strings; name = ca; path = ca.lproj/Localizable.strings; sourceTree = "<group>"; };
		4E9423821B18882E00798E3B /* fr */ = {isa = PBXFileReference; lastKnownFileType = text.plist.strings; name = fr; path = fr.lproj/Localizable.strings; sourceTree = "<group>"; };
		4EBCB77E1B186FBB00D7B257 /* Navigation.app */ = {isa = PBXFileReference; explicitFileType = wrapper.application; includeInIndex = 0; path = Navigation.app; sourceTree = BUILT_PRODUCTS_DIR; };
		4EBCB7821B186FBB00D7B257 /* Info.plist */ = {isa = PBXFileReference; lastKnownFileType = text.plist.xml; path = Info.plist; sourceTree = "<group>"; };
		4EBCB7831B186FBB00D7B257 /* main.m */ = {isa = PBXFileReference; lastKnownFileType = sourcecode.c.objc; path = main.m; sourceTree = "<group>"; };
		4EBCB7851B186FBB00D7B257 /* AppDelegate.h */ = {isa = PBXFileReference; lastKnownFileType = sourcecode.c.h; path = AppDelegate.h; sourceTree = "<group>"; };
		4EBCB7861B186FBB00D7B257 /* AppDelegate.m */ = {isa = PBXFileReference; lastKnownFileType = sourcecode.c.objc; path = AppDelegate.m; sourceTree = "<group>"; };
		4EBCB78C1B186FBB00D7B257 /* Base */ = {isa = PBXFileReference; lastKnownFileType = file.storyboard; name = Base; path = Base.lproj/Main.storyboard; sourceTree = "<group>"; };
		4EBCB7911B186FBB00D7B257 /* Base */ = {isa = PBXFileReference; lastKnownFileType = file.xib; name = Base; path = Base.lproj/LaunchScreen.xib; sourceTree = "<group>"; };
		4EBCB7A71B1870BF00D7B257 /* Images.xcassets */ = {isa = PBXFileReference; lastKnownFileType = folder.assetcatalog; path = Images.xcassets; sourceTree = "<group>"; };
		4EBCB7AA1B18725C00D7B257 /* GradientView.h */ = {isa = PBXFileReference; fileEncoding = 4; lastKnownFileType = sourcecode.c.h; name = GradientView.h; path = Views/GradientView.h; sourceTree = "<group>"; };
		4EBCB7AB1B18725C00D7B257 /* GradientView.m */ = {isa = PBXFileReference; fileEncoding = 4; lastKnownFileType = sourcecode.c.objc; name = GradientView.m; path = Views/GradientView.m; sourceTree = "<group>"; };
		4EBCB7AC1B18725C00D7B257 /* OYMTransparentTextField.h */ = {isa = PBXFileReference; fileEncoding = 4; lastKnownFileType = sourcecode.c.h; name = OYMTransparentTextField.h; path = Views/OYMTransparentTextField.h; sourceTree = "<group>"; };
		4EBCB7AD1B18725C00D7B257 /* OYMTransparentTextField.m */ = {isa = PBXFileReference; fileEncoding = 4; lastKnownFileType = sourcecode.c.objc; name = OYMTransparentTextField.m; path = Views/OYMTransparentTextField.m; sourceTree = "<group>"; };
		4EBCB7AE1B18725C00D7B257 /* PrimaryBarView.h */ = {isa = PBXFileReference; fileEncoding = 4; lastKnownFileType = sourcecode.c.h; name = PrimaryBarView.h; path = Views/PrimaryBarView.h; sourceTree = "<group>"; };
		4EBCB7AF1B18725C00D7B257 /* PrimaryBarView.m */ = {isa = PBXFileReference; fileEncoding = 4; lastKnownFileType = sourcecode.c.objc; name = PrimaryBarView.m; path = Views/PrimaryBarView.m; sourceTree = "<group>"; };
		4EBCB7B01B18725C00D7B257 /* RoundedButton.h */ = {isa = PBXFileReference; fileEncoding = 4; lastKnownFileType = sourcecode.c.h; name = RoundedButton.h; path = Views/RoundedButton.h; sourceTree = "<group>"; };
		4EBCB7B11B18725C00D7B257 /* RoundedButton.m */ = {isa = PBXFileReference; fileEncoding = 4; lastKnownFileType = sourcecode.c.objc; name = RoundedButton.m; path = Views/RoundedButton.m; sourceTree = "<group>"; };
		4EBCB7B21B18725C00D7B257 /* UpperBar.h */ = {isa = PBXFileReference; fileEncoding = 4; lastKnownFileType = sourcecode.c.h; name = UpperBar.h; path = Views/UpperBar.h; sourceTree = "<group>"; };
		4EBCB7B31B18725C00D7B257 /* UpperBar.m */ = {isa = PBXFileReference; fileEncoding = 4; lastKnownFileType = sourcecode.c.objc; name = UpperBar.m; path = Views/UpperBar.m; sourceTree = "<group>"; };
		4EBCB7BA1B18727500D7B257 /* Colors.h */ = {isa = PBXFileReference; fileEncoding = 4; lastKnownFileType = sourcecode.c.h; name = Colors.h; path = Utils/Colors.h; sourceTree = "<group>"; };
		4EBCB7BB1B18727500D7B257 /* Colors.m */ = {isa = PBXFileReference; fileEncoding = 4; lastKnownFileType = sourcecode.c.objc; name = Colors.m; path = Utils/Colors.m; sourceTree = "<group>"; };
		4EBCB7BC1B18727500D7B257 /* OYMAnnotation.h */ = {isa = PBXFileReference; fileEncoding = 4; lastKnownFileType = sourcecode.c.h; name = OYMAnnotation.h; path = Utils/OYMAnnotation.h; sourceTree = "<group>"; };
		4EBCB7BD1B18727500D7B257 /* OYMAnnotation.m */ = {isa = PBXFileReference; fileEncoding = 4; lastKnownFileType = sourcecode.c.objc; name = OYMAnnotation.m; path = Utils/OYMAnnotation.m; sourceTree = "<group>"; };
		4EBCB7BE1B18727500D7B257 /* OYMLocationResult+CLLocation.h */ = {isa = PBXFileReference; fileEncoding = 4; lastKnownFileType = sourcecode.c.h; name = "OYMLocationResult+CLLocation.h"; path = "Utils/OYMLocationResult+CLLocation.h"; sourceTree = "<group>"; };
		4EBCB7BF1B18727500D7B257 /* OYMLocationResult+CLLocation.m */ = {isa = PBXFileReference; fileEncoding = 4; lastKnownFileType = sourcecode.c.objc; name = "OYMLocationResult+CLLocation.m"; path = "Utils/OYMLocationResult+CLLocation.m"; sourceTree = "<group>"; };
		4EBCB7C01B18727500D7B257 /* UIImage+Tint.h */ = {isa = PBXFileReference; fileEncoding = 4; lastKnownFileType = sourcecode.c.h; name = "UIImage+Tint.h"; path = "Utils/UIImage+Tint.h"; sourceTree = "<group>"; };
		4EBCB7C11B18727500D7B257 /* UIImage+Tint.m */ = {isa = PBXFileReference; fileEncoding = 4; lastKnownFileType = sourcecode.c.objc; name = "UIImage+Tint.m"; path = "Utils/UIImage+Tint.m"; sourceTree = "<group>"; };
		4EBCB7C71B18728800D7B257 /* Delegate.h */ = {isa = PBXFileReference; fileEncoding = 4; lastKnownFileType = sourcecode.c.h; name = Delegate.h; path = Data/Delegate.h; sourceTree = "<group>"; };
		4EBCB7C81B18728800D7B257 /* Delegate.m */ = {isa = PBXFileReference; fileEncoding = 4; lastKnownFileType = sourcecode.c.objc; name = Delegate.m; path = Data/Delegate.m; sourceTree = "<group>"; };
		4EBCB7C91B18728800D7B257 /* GlobalState.h */ = {isa = PBXFileReference; fileEncoding = 4; lastKnownFileType = sourcecode.c.h; name = GlobalState.h; path = Data/GlobalState.h; sourceTree = "<group>"; };
		4EBCB7CA1B18728800D7B257 /* GlobalState.m */ = {isa = PBXFileReference; fileEncoding = 4; lastKnownFileType = sourcecode.c.objc; name = GlobalState.m; path = Data/GlobalState.m; sourceTree = "<group>"; };
		4EBCB7CE1B18729C00D7B257 /* HelpViewController.h */ = {isa = PBXFileReference; fileEncoding = 4; lastKnownFileType = sourcecode.c.h; name = HelpViewController.h; path = "View Controllers/HelpViewController.h"; sourceTree = "<group>"; };
		4EBCB7CF1B18729C00D7B257 /* HelpViewController.m */ = {isa = PBXFileReference; fileEncoding = 4; lastKnownFileType = sourcecode.c.objc; name = HelpViewController.m; path = "View Controllers/HelpViewController.m"; sourceTree = "<group>"; };
		4EBCB7D01B18729C00D7B257 /* InitialViewController.h */ = {isa = PBXFileReference; fileEncoding = 4; lastKnownFileType = sourcecode.c.h; name = InitialViewController.h; path = "View Controllers/InitialViewController.h"; sourceTree = "<group>"; };
		4EBCB7D11B18729C00D7B257 /* InitialViewController.m */ = {isa = PBXFileReference; fileEncoding = 4; lastKnownFileType = sourcecode.c.objc; name = InitialViewController.m; path = "View Controllers/InitialViewController.m"; sourceTree = "<group>"; };
		4EBCB7D21B18729C00D7B257 /* InstructionsViewController.h */ = {isa = PBXFileReference; fileEncoding = 4; lastKnownFileType = sourcecode.c.h; name = InstructionsViewController.h; path = "View Controllers/InstructionsViewController.h"; sourceTree = "<group>"; };
		4EBCB7D31B18729C00D7B257 /* InstructionsViewController.m */ = {isa = PBXFileReference; fileEncoding = 4; lastKnownFileType = sourcecode.c.objc; name = InstructionsViewController.m; path = "View Controllers/InstructionsViewController.m"; sourceTree = "<group>"; };
		4EBCB7D41B18729C00D7B257 /* MapViewController.h */ = {isa = PBXFileReference; fileEncoding = 4; lastKnownFileType = sourcecode.c.h; name = MapViewController.h; path = "View Controllers/MapViewController.h"; sourceTree = "<group>"; };
		4EBCB7D51B18729C00D7B257 /* MapViewController.m */ = {isa = PBXFileReference; fileEncoding = 4; lastKnownFileType = sourcecode.c.objc; name = MapViewController.m; path = "View Controllers/MapViewController.m"; sourceTree = "<group>"; };
		4EBCB7D61B18729C00D7B257 /* SplashViewController.h */ = {isa = PBXFileReference; fileEncoding = 4; lastKnownFileType = sourcecode.c.h; name = SplashViewController.h; path = "View Controllers/SplashViewController.h"; sourceTree = "<group>"; };
		4EBCB7D71B18729C00D7B257 /* SplashViewController.m */ = {isa = PBXFileReference; fileEncoding = 4; lastKnownFileType = sourcecode.c.objc; name = SplashViewController.m; path = "View Controllers/SplashViewController.m"; sourceTree = "<group>"; };
		FC0AB0371B8CAA54000E9280 /* UserProfileViewController.h */ = {isa = PBXFileReference; fileEncoding = 4; lastKnownFileType = sourcecode.c.h; path = UserProfileViewController.h; sourceTree = "<group>"; };
		FC0AB0381B8CAA54000E9280 /* UserProfileViewController.m */ = {isa = PBXFileReference; fileEncoding = 4; lastKnownFileType = sourcecode.c.objc; path = UserProfileViewController.m; sourceTree = "<group>"; };
		FC0B8FFA1B87314600314223 /* MainViewController.h */ = {isa = PBXFileReference; fileEncoding = 4; lastKnownFileType = sourcecode.c.h; path = MainViewController.h; sourceTree = "<group>"; };
		FC0B8FFB1B87314600314223 /* MainViewController.m */ = {isa = PBXFileReference; fileEncoding = 4; lastKnownFileType = sourcecode.c.objc; path = MainViewController.m; sourceTree = "<group>"; };
		FC13D1E91B904D650041FFF4 /* IQNSArray+Sort.h */ = {isa = PBXFileReference; fileEncoding = 4; lastKnownFileType = sourcecode.c.h; path = "IQNSArray+Sort.h"; sourceTree = "<group>"; };
		FC13D1EA1B904D650041FFF4 /* IQNSArray+Sort.m */ = {isa = PBXFileReference; fileEncoding = 4; lastKnownFileType = sourcecode.c.objc; path = "IQNSArray+Sort.m"; sourceTree = "<group>"; };
		FC13D1EB1B904D650041FFF4 /* IQUITextFieldView+Additions.h */ = {isa = PBXFileReference; fileEncoding = 4; lastKnownFileType = sourcecode.c.h; path = "IQUITextFieldView+Additions.h"; sourceTree = "<group>"; };
		FC13D1EC1B904D650041FFF4 /* IQUITextFieldView+Additions.m */ = {isa = PBXFileReference; fileEncoding = 4; lastKnownFileType = sourcecode.c.objc; path = "IQUITextFieldView+Additions.m"; sourceTree = "<group>"; };
		FC13D1ED1B904D650041FFF4 /* IQUIView+Hierarchy.h */ = {isa = PBXFileReference; fileEncoding = 4; lastKnownFileType = sourcecode.c.h; path = "IQUIView+Hierarchy.h"; sourceTree = "<group>"; };
		FC13D1EE1B904D650041FFF4 /* IQUIView+Hierarchy.m */ = {isa = PBXFileReference; fileEncoding = 4; lastKnownFileType = sourcecode.c.objc; path = "IQUIView+Hierarchy.m"; sourceTree = "<group>"; };
		FC13D1EF1B904D650041FFF4 /* IQUIViewController+Additions.h */ = {isa = PBXFileReference; fileEncoding = 4; lastKnownFileType = sourcecode.c.h; path = "IQUIViewController+Additions.h"; sourceTree = "<group>"; };
		FC13D1F01B904D650041FFF4 /* IQUIViewController+Additions.m */ = {isa = PBXFileReference; fileEncoding = 4; lastKnownFileType = sourcecode.c.objc; path = "IQUIViewController+Additions.m"; sourceTree = "<group>"; };
		FC13D1F11B904D650041FFF4 /* IQUIWindow+Hierarchy.h */ = {isa = PBXFileReference; fileEncoding = 4; lastKnownFileType = sourcecode.c.h; path = "IQUIWindow+Hierarchy.h"; sourceTree = "<group>"; };
		FC13D1F21B904D650041FFF4 /* IQUIWindow+Hierarchy.m */ = {isa = PBXFileReference; fileEncoding = 4; lastKnownFileType = sourcecode.c.objc; path = "IQUIWindow+Hierarchy.m"; sourceTree = "<group>"; };
		FC13D1F41B904D650041FFF4 /* IQKeyboardManagerConstants.h */ = {isa = PBXFileReference; fileEncoding = 4; lastKnownFileType = sourcecode.c.h; path = IQKeyboardManagerConstants.h; sourceTree = "<group>"; };
		FC13D1F51B904D650041FFF4 /* IQKeyboardManagerConstantsInternal.h */ = {isa = PBXFileReference; fileEncoding = 4; lastKnownFileType = sourcecode.c.h; path = IQKeyboardManagerConstantsInternal.h; sourceTree = "<group>"; };
		FC13D1F61B904D650041FFF4 /* IQKeyboardManager.h */ = {isa = PBXFileReference; fileEncoding = 4; lastKnownFileType = sourcecode.c.h; path = IQKeyboardManager.h; sourceTree = "<group>"; };
		FC13D1F71B904D650041FFF4 /* IQKeyboardManager.m */ = {isa = PBXFileReference; fileEncoding = 4; lastKnownFileType = sourcecode.c.objc; path = IQKeyboardManager.m; sourceTree = "<group>"; };
		FC13D1F81B904D650041FFF4 /* IQKeyboardReturnKeyHandler.h */ = {isa = PBXFileReference; fileEncoding = 4; lastKnownFileType = sourcecode.c.h; path = IQKeyboardReturnKeyHandler.h; sourceTree = "<group>"; };
		FC13D1F91B904D650041FFF4 /* IQKeyboardReturnKeyHandler.m */ = {isa = PBXFileReference; fileEncoding = 4; lastKnownFileType = sourcecode.c.objc; path = IQKeyboardReturnKeyHandler.m; sourceTree = "<group>"; };
		FC13D1FB1B904D650041FFF4 /* IQSegmentedNextPrevious.h */ = {isa = PBXFileReference; fileEncoding = 4; lastKnownFileType = sourcecode.c.h; path = IQSegmentedNextPrevious.h; sourceTree = "<group>"; };
		FC13D1FC1B904D650041FFF4 /* IQSegmentedNextPrevious.m */ = {isa = PBXFileReference; fileEncoding = 4; lastKnownFileType = sourcecode.c.objc; path = IQSegmentedNextPrevious.m; sourceTree = "<group>"; };
		FC13D1FE1B904D650041FFF4 /* IQTextView.h */ = {isa = PBXFileReference; fileEncoding = 4; lastKnownFileType = sourcecode.c.h; path = IQTextView.h; sourceTree = "<group>"; };
		FC13D1FF1B904D650041FFF4 /* IQTextView.m */ = {isa = PBXFileReference; fileEncoding = 4; lastKnownFileType = sourcecode.c.objc; path = IQTextView.m; sourceTree = "<group>"; };
		FC13D2011B904D650041FFF4 /* IQBarButtonItem.h */ = {isa = PBXFileReference; fileEncoding = 4; lastKnownFileType = sourcecode.c.h; path = IQBarButtonItem.h; sourceTree = "<group>"; };
		FC13D2021B904D650041FFF4 /* IQBarButtonItem.m */ = {isa = PBXFileReference; fileEncoding = 4; lastKnownFileType = sourcecode.c.objc; path = IQBarButtonItem.m; sourceTree = "<group>"; };
		FC13D2031B904D650041FFF4 /* IQTitleBarButtonItem.h */ = {isa = PBXFileReference; fileEncoding = 4; lastKnownFileType = sourcecode.c.h; path = IQTitleBarButtonItem.h; sourceTree = "<group>"; };
		FC13D2041B904D650041FFF4 /* IQTitleBarButtonItem.m */ = {isa = PBXFileReference; fileEncoding = 4; lastKnownFileType = sourcecode.c.objc; path = IQTitleBarButtonItem.m; sourceTree = "<group>"; };
		FC13D2051B904D650041FFF4 /* IQToolbar.h */ = {isa = PBXFileReference; fileEncoding = 4; lastKnownFileType = sourcecode.c.h; path = IQToolbar.h; sourceTree = "<group>"; };
		FC13D2061B904D650041FFF4 /* IQToolbar.m */ = {isa = PBXFileReference; fileEncoding = 4; lastKnownFileType = sourcecode.c.objc; path = IQToolbar.m; sourceTree = "<group>"; };
		FC13D2071B904D650041FFF4 /* IQUIView+IQKeyboardToolbar.h */ = {isa = PBXFileReference; fileEncoding = 4; lastKnownFileType = sourcecode.c.h; path = "IQUIView+IQKeyboardToolbar.h"; sourceTree = "<group>"; };
		FC13D2081B904D650041FFF4 /* IQUIView+IQKeyboardToolbar.m */ = {isa = PBXFileReference; fileEncoding = 4; lastKnownFileType = sourcecode.c.objc; path = "IQUIView+IQKeyboardToolbar.m"; sourceTree = "<group>"; };
		FC13D2091B904D650041FFF4 /* KeyboardManager.h */ = {isa = PBXFileReference; fileEncoding = 4; lastKnownFileType = sourcecode.c.h; path = KeyboardManager.h; sourceTree = "<group>"; };
		FC13D20B1B904D650041FFF4 /* IQKeyboardManager.bundle */ = {isa = PBXFileReference; lastKnownFileType = "wrapper.plug-in"; path = IQKeyboardManager.bundle; sourceTree = "<group>"; };
		FC1BAF241B8D9CA30090F606 /* RadioButton.h */ = {isa = PBXFileReference; fileEncoding = 4; lastKnownFileType = sourcecode.c.h; path = RadioButton.h; sourceTree = "<group>"; };
		FC1BAF251B8D9CA30090F606 /* RadioButton.m */ = {isa = PBXFileReference; fileEncoding = 4; lastKnownFileType = sourcecode.c.objc; path = RadioButton.m; sourceTree = "<group>"; };
		FC1BAF2A1B8DF32D0090F606 /* UserProfileCell.h */ = {isa = PBXFileReference; fileEncoding = 4; lastKnownFileType = sourcecode.c.h; path = UserProfileCell.h; sourceTree = "<group>"; };
		FC1BAF2B1B8DF32D0090F606 /* UserProfileCell.m */ = {isa = PBXFileReference; fileEncoding = 4; lastKnownFileType = sourcecode.c.objc; path = UserProfileCell.m; sourceTree = "<group>"; };
		FC1BAF2D1B8DF3500090F606 /* UserProfileRadioButtonCell.h */ = {isa = PBXFileReference; fileEncoding = 4; lastKnownFileType = sourcecode.c.h; path = UserProfileRadioButtonCell.h; sourceTree = "<group>"; };
		FC1BAF2E1B8DF3500090F606 /* UserProfileRadioButtonCell.m */ = {isa = PBXFileReference; fileEncoding = 4; lastKnownFileType = sourcecode.c.objc; path = UserProfileRadioButtonCell.m; sourceTree = "<group>"; };
		FC1BAF301B8DF3660090F606 /* UserProfileTextFieldCell.h */ = {isa = PBXFileReference; fileEncoding = 4; lastKnownFileType = sourcecode.c.h; path = UserProfileTextFieldCell.h; sourceTree = "<group>"; };
		FC1BAF311B8DF3660090F606 /* UserProfileTextFieldCell.m */ = {isa = PBXFileReference; fileEncoding = 4; lastKnownFileType = sourcecode.c.objc; path = UserProfileTextFieldCell.m; sourceTree = "<group>"; };
		FC1BAF331B8DF3770090F606 /* UserProfileSwitchCell.h */ = {isa = PBXFileReference; fileEncoding = 4; lastKnownFileType = sourcecode.c.h; path = UserProfileSwitchCell.h; sourceTree = "<group>"; };
		FC1BAF341B8DF3770090F606 /* UserProfileSwitchCell.m */ = {isa = PBXFileReference; fileEncoding = 4; lastKnownFileType = sourcecode.c.objc; path = UserProfileSwitchCell.m; sourceTree = "<group>"; };
		FC1C5E2F1BC7D87B0004BCDA /* QuartzCore.framework */ = {isa = PBXFileReference; lastKnownFileType = wrapper.framework; name = QuartzCore.framework; path = System/Library/Frameworks/QuartzCore.framework; sourceTree = SDKROOT; };
		FC1FB16A1BCE91EE0020517A /* ic_account_circle_black.png */ = {isa = PBXFileReference; lastKnownFileType = image.png; path = ic_account_circle_black.png; sourceTree = "<group>"; };
		FC1FB16B1BCE91EE0020517A /* ic_account_circle_black@2x.png */ = {isa = PBXFileReference; lastKnownFileType = image.png; path = "ic_account_circle_black@2x.png"; sourceTree = "<group>"; };
		FC6EAE1B1BFB27A0001D3E9D /* Goindoor.framework */ = {isa = PBXFileReference; lastKnownFileType = wrapper.framework; name = Goindoor.framework; path = Frameworks/Goindoor.framework; sourceTree = "<group>"; };
		FC6EAE211BFB3D65001D3E9D /* Routing.bundle */ = {isa = PBXFileReference; lastKnownFileType = "wrapper.plug-in"; name = Routing.bundle; path = Frameworks/Routing.bundle; sourceTree = "<group>"; };
		FCB502361BE379FA00696FFF /* OptionsViewController.h */ = {isa = PBXFileReference; fileEncoding = 4; lastKnownFileType = sourcecode.c.h; path = OptionsViewController.h; sourceTree = "<group>"; };
		FCB502371BE379FA00696FFF /* OptionsViewController.m */ = {isa = PBXFileReference; fileEncoding = 4; lastKnownFileType = sourcecode.c.objc; path = OptionsViewController.m; sourceTree = "<group>"; };
		FCDB3ADF1BCD2DF50020B256 /* Links.framework */ = {isa = PBXFileReference; lastKnownFileType = wrapper.framework; name = Links.framework; path = Frameworks/Links.framework; sourceTree = "<group>"; };
/* End PBXFileReference section */

/* Begin PBXFrameworksBuildPhase section */
		4EBCB77B1B186FBB00D7B257 /* Frameworks */ = {
			isa = PBXFrameworksBuildPhase;
			buildActionMask = 2147483647;
			files = (
				FCDB3AE01BCD2DF50020B256 /* Links.framework in Frameworks */,
				FC1C5E301BC7D87B0004BCDA /* QuartzCore.framework in Frameworks */,
				4E2BB9FD1B2AC6670025F63A /* SystemConfiguration.framework in Frameworks */,
				FC6EAE1C1BFB27A0001D3E9D /* Goindoor.framework in Frameworks */,
			);
			runOnlyForDeploymentPostprocessing = 0;
		};
/* End PBXFrameworksBuildPhase section */

/* Begin PBXGroup section */
		4EBCB7751B186FBB00D7B257 = {
			isa = PBXGroup;
			children = (
				4EBCB7DD1B1872C900D7B257 /* Frameworks */,
				4EBCB7801B186FBB00D7B257 /* Navigation */,
				4EBCB77F1B186FBB00D7B257 /* Products */,
			);
			sourceTree = "<group>";
		};
		4EBCB77F1B186FBB00D7B257 /* Products */ = {
			isa = PBXGroup;
			children = (
				4EBCB77E1B186FBB00D7B257 /* Navigation.app */,
			);
			name = Products;
			sourceTree = "<group>";
		};
		4EBCB7801B186FBB00D7B257 /* Navigation */ = {
			isa = PBXGroup;
			children = (
				4EBCB7A91B18724A00D7B257 /* Views */,
				4EBCB7B91B18726700D7B257 /* Utils */,
				4EBCB7C61B18727800D7B257 /* Data */,
				4EBCB7CD1B18728B00D7B257 /* View Controllers */,
				4EBCB7851B186FBB00D7B257 /* AppDelegate.h */,
				4EBCB7861B186FBB00D7B257 /* AppDelegate.m */,
				4EBCB7A71B1870BF00D7B257 /* Images.xcassets */,
				4EBCB78B1B186FBB00D7B257 /* Main.storyboard */,
				4EBCB7901B186FBB00D7B257 /* LaunchScreen.xib */,
				4EBCB7811B186FBB00D7B257 /* Supporting Files */,
			);
			path = Navigation;
			sourceTree = "<group>";
		};
		4EBCB7811B186FBB00D7B257 /* Supporting Files */ = {
			isa = PBXGroup;
			children = (
				FC13A2C81B8F4C260021F571 /* Images */,
				4EBCB7821B186FBB00D7B257 /* Info.plist */,
				4EBCB7831B186FBB00D7B257 /* main.m */,
				4E9423801B1887F700798E3B /* Localizable.strings */,
			);
			name = "Supporting Files";
			sourceTree = "<group>";
		};
		4EBCB7A91B18724A00D7B257 /* Views */ = {
			isa = PBXGroup;
			children = (
				4EBCB7AA1B18725C00D7B257 /* GradientView.h */,
				4EBCB7AB1B18725C00D7B257 /* GradientView.m */,
				4EBCB7AC1B18725C00D7B257 /* OYMTransparentTextField.h */,
				4EBCB7AD1B18725C00D7B257 /* OYMTransparentTextField.m */,
				4EBCB7AE1B18725C00D7B257 /* PrimaryBarView.h */,
				4EBCB7AF1B18725C00D7B257 /* PrimaryBarView.m */,
				4EBCB7B01B18725C00D7B257 /* RoundedButton.h */,
				4EBCB7B11B18725C00D7B257 /* RoundedButton.m */,
				4EBCB7B21B18725C00D7B257 /* UpperBar.h */,
				4EBCB7B31B18725C00D7B257 /* UpperBar.m */,
				FC1BAF241B8D9CA30090F606 /* RadioButton.h */,
				FC1BAF251B8D9CA30090F606 /* RadioButton.m */,
				FC1BAF2A1B8DF32D0090F606 /* UserProfileCell.h */,
				FC1BAF2B1B8DF32D0090F606 /* UserProfileCell.m */,
				FC1BAF2D1B8DF3500090F606 /* UserProfileRadioButtonCell.h */,
				FC1BAF2E1B8DF3500090F606 /* UserProfileRadioButtonCell.m */,
				FC1BAF301B8DF3660090F606 /* UserProfileTextFieldCell.h */,
				FC1BAF311B8DF3660090F606 /* UserProfileTextFieldCell.m */,
				FC1BAF331B8DF3770090F606 /* UserProfileSwitchCell.h */,
				FC1BAF341B8DF3770090F606 /* UserProfileSwitchCell.m */,
			);
			name = Views;
			sourceTree = "<group>";
		};
		4EBCB7B91B18726700D7B257 /* Utils */ = {
			isa = PBXGroup;
			children = (
				4EBCB7BA1B18727500D7B257 /* Colors.h */,
				4EBCB7BB1B18727500D7B257 /* Colors.m */,
				4EBCB7BC1B18727500D7B257 /* OYMAnnotation.h */,
				4EBCB7BD1B18727500D7B257 /* OYMAnnotation.m */,
				4EBCB7BE1B18727500D7B257 /* OYMLocationResult+CLLocation.h */,
				4EBCB7BF1B18727500D7B257 /* OYMLocationResult+CLLocation.m */,
				4EBCB7C01B18727500D7B257 /* UIImage+Tint.h */,
				4EBCB7C11B18727500D7B257 /* UIImage+Tint.m */,
				4E2BB9FB1B297E5F0025F63A /* UIView+Toast.h */,
				4E2BB9F91B297E170025F63A /* UIView+Toast.m */,
				4E2BB9FE1B2AC7D20025F63A /* Reachability.h */,
				4E2BB9FF1B2AC7D20025F63A /* Reachability.m */,
			);
			name = Utils;
			sourceTree = "<group>";
		};
		4EBCB7C61B18727800D7B257 /* Data */ = {
			isa = PBXGroup;
			children = (
				4EBCB7C71B18728800D7B257 /* Delegate.h */,
				4EBCB7C81B18728800D7B257 /* Delegate.m */,
				4EBCB7C91B18728800D7B257 /* GlobalState.h */,
				4EBCB7CA1B18728800D7B257 /* GlobalState.m */,
			);
			name = Data;
			sourceTree = "<group>";
		};
		4EBCB7CD1B18728B00D7B257 /* View Controllers */ = {
			isa = PBXGroup;
			children = (
				4EBCB7CE1B18729C00D7B257 /* HelpViewController.h */,
				4EBCB7CF1B18729C00D7B257 /* HelpViewController.m */,
				4EBCB7D01B18729C00D7B257 /* InitialViewController.h */,
				4EBCB7D11B18729C00D7B257 /* InitialViewController.m */,
				4EBCB7D21B18729C00D7B257 /* InstructionsViewController.h */,
				4EBCB7D31B18729C00D7B257 /* InstructionsViewController.m */,
				4EBCB7D41B18729C00D7B257 /* MapViewController.h */,
				4EBCB7D51B18729C00D7B257 /* MapViewController.m */,
				4EBCB7D61B18729C00D7B257 /* SplashViewController.h */,
				4EBCB7D71B18729C00D7B257 /* SplashViewController.m */,
				FC0B8FFA1B87314600314223 /* MainViewController.h */,
				FC0B8FFB1B87314600314223 /* MainViewController.m */,
				FC0AB0371B8CAA54000E9280 /* UserProfileViewController.h */,
				FC0AB0381B8CAA54000E9280 /* UserProfileViewController.m */,
				FCB502361BE379FA00696FFF /* OptionsViewController.h */,
				FCB502371BE379FA00696FFF /* OptionsViewController.m */,
			);
			name = "View Controllers";
			sourceTree = "<group>";
		};
		4EBCB7DD1B1872C900D7B257 /* Frameworks */ = {
			isa = PBXGroup;
			children = (
				FC6EAE211BFB3D65001D3E9D /* Routing.bundle */,
				FC6EAE1B1BFB27A0001D3E9D /* Goindoor.framework */,
				FCDB3ADF1BCD2DF50020B256 /* Links.framework */,
				FC1C5E2F1BC7D87B0004BCDA /* QuartzCore.framework */,
				FC13D1E71B904D650041FFF4 /* IQKeyBoardManager */,
				4E2BB9FC1B2AC6670025F63A /* SystemConfiguration.framework */,
			);
			name = Frameworks;
			sourceTree = "<group>";
		};
		FC13A2C81B8F4C260021F571 /* Images */ = {
			isa = PBXGroup;
			children = (
				FC1FB16A1BCE91EE0020517A /* ic_account_circle_black.png */,
				FC1FB16B1BCE91EE0020517A /* ic_account_circle_black@2x.png */,
			);
			name = Images;
			sourceTree = "<group>";
		};
		FC13D1E71B904D650041FFF4 /* IQKeyBoardManager */ = {
			isa = PBXGroup;
			children = (
				FC13D1E81B904D650041FFF4 /* Categories */,
				FC13D1F31B904D650041FFF4 /* Constants */,
				FC13D1F61B904D650041FFF4 /* IQKeyboardManager.h */,
				FC13D1F71B904D650041FFF4 /* IQKeyboardManager.m */,
				FC13D1F81B904D650041FFF4 /* IQKeyboardReturnKeyHandler.h */,
				FC13D1F91B904D650041FFF4 /* IQKeyboardReturnKeyHandler.m */,
				FC13D1FA1B904D650041FFF4 /* IQSegmentedNextPrevious */,
				FC13D1FD1B904D650041FFF4 /* IQTextView */,
				FC13D2001B904D650041FFF4 /* IQToolbar */,
				FC13D2091B904D650041FFF4 /* KeyboardManager.h */,
				FC13D20A1B904D650041FFF4 /* Resources */,
			);
			name = IQKeyBoardManager;
			path = Frameworks/IQKeyBoardManager;
			sourceTree = "<group>";
		};
		FC13D1E81B904D650041FFF4 /* Categories */ = {
			isa = PBXGroup;
			children = (
				FC13D1E91B904D650041FFF4 /* IQNSArray+Sort.h */,
				FC13D1EA1B904D650041FFF4 /* IQNSArray+Sort.m */,
				FC13D1EB1B904D650041FFF4 /* IQUITextFieldView+Additions.h */,
				FC13D1EC1B904D650041FFF4 /* IQUITextFieldView+Additions.m */,
				FC13D1ED1B904D650041FFF4 /* IQUIView+Hierarchy.h */,
				FC13D1EE1B904D650041FFF4 /* IQUIView+Hierarchy.m */,
				FC13D1EF1B904D650041FFF4 /* IQUIViewController+Additions.h */,
				FC13D1F01B904D650041FFF4 /* IQUIViewController+Additions.m */,
				FC13D1F11B904D650041FFF4 /* IQUIWindow+Hierarchy.h */,
				FC13D1F21B904D650041FFF4 /* IQUIWindow+Hierarchy.m */,
			);
			path = Categories;
			sourceTree = "<group>";
		};
		FC13D1F31B904D650041FFF4 /* Constants */ = {
			isa = PBXGroup;
			children = (
				FC13D1F41B904D650041FFF4 /* IQKeyboardManagerConstants.h */,
				FC13D1F51B904D650041FFF4 /* IQKeyboardManagerConstantsInternal.h */,
			);
			path = Constants;
			sourceTree = "<group>";
		};
		FC13D1FA1B904D650041FFF4 /* IQSegmentedNextPrevious */ = {
			isa = PBXGroup;
			children = (
				FC13D1FB1B904D650041FFF4 /* IQSegmentedNextPrevious.h */,
				FC13D1FC1B904D650041FFF4 /* IQSegmentedNextPrevious.m */,
			);
			path = IQSegmentedNextPrevious;
			sourceTree = "<group>";
		};
		FC13D1FD1B904D650041FFF4 /* IQTextView */ = {
			isa = PBXGroup;
			children = (
				FC13D1FE1B904D650041FFF4 /* IQTextView.h */,
				FC13D1FF1B904D650041FFF4 /* IQTextView.m */,
			);
			path = IQTextView;
			sourceTree = "<group>";
		};
		FC13D2001B904D650041FFF4 /* IQToolbar */ = {
			isa = PBXGroup;
			children = (
				FC13D2011B904D650041FFF4 /* IQBarButtonItem.h */,
				FC13D2021B904D650041FFF4 /* IQBarButtonItem.m */,
				FC13D2031B904D650041FFF4 /* IQTitleBarButtonItem.h */,
				FC13D2041B904D650041FFF4 /* IQTitleBarButtonItem.m */,
				FC13D2051B904D650041FFF4 /* IQToolbar.h */,
				FC13D2061B904D650041FFF4 /* IQToolbar.m */,
				FC13D2071B904D650041FFF4 /* IQUIView+IQKeyboardToolbar.h */,
				FC13D2081B904D650041FFF4 /* IQUIView+IQKeyboardToolbar.m */,
			);
			path = IQToolbar;
			sourceTree = "<group>";
		};
		FC13D20A1B904D650041FFF4 /* Resources */ = {
			isa = PBXGroup;
			children = (
				FC13D20B1B904D650041FFF4 /* IQKeyboardManager.bundle */,
			);
			path = Resources;
			sourceTree = "<group>";
		};
/* End PBXGroup section */

/* Begin PBXNativeTarget section */
		4EBCB77D1B186FBB00D7B257 /* Navigation */ = {
			isa = PBXNativeTarget;
			buildConfigurationList = 4EBCB7A11B186FBB00D7B257 /* Build configuration list for PBXNativeTarget "Navigation" */;
			buildPhases = (
				4EBCB77A1B186FBB00D7B257 /* Sources */,
				4EBCB77B1B186FBB00D7B257 /* Frameworks */,
				4EBCB77C1B186FBB00D7B257 /* Resources */,
			);
			buildRules = (
			);
			dependencies = (
			);
			name = Navigation;
			productName = Navigation;
			productReference = 4EBCB77E1B186FBB00D7B257 /* Navigation.app */;
			productType = "com.apple.product-type.application";
		};
/* End PBXNativeTarget section */

/* Begin PBXProject section */
		4EBCB7761B186FBB00D7B257 /* Project object */ = {
			isa = PBXProject;
			attributes = {
				LastUpgradeCheck = 0700;
				ORGANIZATIONNAME = OnYourMap;
				TargetAttributes = {
					4EBCB77D1B186FBB00D7B257 = {
						CreatedOnToolsVersion = 6.3.2;
						DevelopmentTeam = 8D7558698W;
					};
				};
			};
			buildConfigurationList = 4EBCB7791B186FBB00D7B257 /* Build configuration list for PBXProject "Navigation" */;
			compatibilityVersion = "Xcode 3.2";
			developmentRegion = English;
			hasScannedForEncodings = 0;
			knownRegions = (
				en,
				Base,
				ca,
				fr,
			);
			mainGroup = 4EBCB7751B186FBB00D7B257;
			productRefGroup = 4EBCB77F1B186FBB00D7B257 /* Products */;
			projectDirPath = "";
			projectRoot = "";
			targets = (
				4EBCB77D1B186FBB00D7B257 /* Navigation */,
			);
		};
/* End PBXProject section */

/* Begin PBXResourcesBuildPhase section */
		4EBCB77C1B186FBB00D7B257 /* Resources */ = {
			isa = PBXResourcesBuildPhase;
			buildActionMask = 2147483647;
			files = (
				FC1FB16D1BCE91EE0020517A /* ic_account_circle_black@2x.png in Resources */,
				4E94237E1B1887F700798E3B /* Localizable.strings in Resources */,
				4EBCB7A81B1870BF00D7B257 /* Images.xcassets in Resources */,
				4EBCB78D1B186FBB00D7B257 /* Main.storyboard in Resources */,
				FC13D2191B904D650041FFF4 /* IQKeyboardManager.bundle in Resources */,
				4EBCB7921B186FBB00D7B257 /* LaunchScreen.xib in Resources */,
				FC6EAE221BFB3D65001D3E9D /* Routing.bundle in Resources */,
				FC1FB16C1BCE91EE0020517A /* ic_account_circle_black.png in Resources */,
			);
			runOnlyForDeploymentPostprocessing = 0;
		};
/* End PBXResourcesBuildPhase section */

/* Begin PBXSourcesBuildPhase section */
		4EBCB77A1B186FBB00D7B257 /* Sources */ = {
			isa = PBXSourcesBuildPhase;
			buildActionMask = 2147483647;
			files = (
				FC13D2151B904D650041FFF4 /* IQBarButtonItem.m in Sources */,
				FC13D2111B904D650041FFF4 /* IQKeyboardManager.m in Sources */,
				4EBCB7D91B18729C00D7B257 /* InitialViewController.m in Sources */,
				FC13D2131B904D650041FFF4 /* IQSegmentedNextPrevious.m in Sources */,
				4EBCB7B51B18725C00D7B257 /* OYMTransparentTextField.m in Sources */,
				FCB502381BE379FA00696FFF /* OptionsViewController.m in Sources */,
				4EBCB7CC1B18728800D7B257 /* GlobalState.m in Sources */,
				FC13D2101B904D650041FFF4 /* IQUIWindow+Hierarchy.m in Sources */,
				4EBCB7871B186FBB00D7B257 /* AppDelegate.m in Sources */,
				FC0B8FFC1B87314600314223 /* MainViewController.m in Sources */,
				4EBCB7B81B18725C00D7B257 /* UpperBar.m in Sources */,
				FC13D20C1B904D650041FFF4 /* IQNSArray+Sort.m in Sources */,
				4EBCB7DC1B18729C00D7B257 /* SplashViewController.m in Sources */,
				FC13D2161B904D650041FFF4 /* IQTitleBarButtonItem.m in Sources */,
				FC0AB0391B8CAA54000E9280 /* UserProfileViewController.m in Sources */,
				FC1BAF261B8D9CA30090F606 /* RadioButton.m in Sources */,
				4EBCB7B41B18725C00D7B257 /* GradientView.m in Sources */,
				4E2BB9FA1B297E170025F63A /* UIView+Toast.m in Sources */,
				FC13D2141B904D650041FFF4 /* IQTextView.m in Sources */,
				FC13D2121B904D650041FFF4 /* IQKeyboardReturnKeyHandler.m in Sources */,
				4EBCB7841B186FBB00D7B257 /* main.m in Sources */,
				4EBCB7C41B18727500D7B257 /* OYMLocationResult+CLLocation.m in Sources */,
				4EBCB7C21B18727500D7B257 /* Colors.m in Sources */,
				FC13D20E1B904D650041FFF4 /* IQUIView+Hierarchy.m in Sources */,
				4EBCB7B61B18725C00D7B257 /* PrimaryBarView.m in Sources */,
				4EBCB7CB1B18728800D7B257 /* Delegate.m in Sources */,
				4EBCB7DA1B18729C00D7B257 /* InstructionsViewController.m in Sources */,
				4E2BBA001B2AC7D20025F63A /* Reachability.m in Sources */,
				4EBCB7C31B18727500D7B257 /* OYMAnnotation.m in Sources */,
				FC1BAF2C1B8DF32D0090F606 /* UserProfileCell.m in Sources */,
				FC1BAF2F1B8DF3500090F606 /* UserProfileRadioButtonCell.m in Sources */,
				FC1BAF351B8DF3770090F606 /* UserProfileSwitchCell.m in Sources */,
				FC13D20D1B904D650041FFF4 /* IQUITextFieldView+Additions.m in Sources */,
				FC13D20F1B904D650041FFF4 /* IQUIViewController+Additions.m in Sources */,
				4EBCB7D81B18729C00D7B257 /* HelpViewController.m in Sources */,
				FC13D2171B904D650041FFF4 /* IQToolbar.m in Sources */,
				4EBCB7B71B18725C00D7B257 /* RoundedButton.m in Sources */,
				FC13D2181B904D650041FFF4 /* IQUIView+IQKeyboardToolbar.m in Sources */,
				4EBCB7DB1B18729C00D7B257 /* MapViewController.m in Sources */,
				FC1BAF321B8DF3660090F606 /* UserProfileTextFieldCell.m in Sources */,
				4EBCB7C51B18727500D7B257 /* UIImage+Tint.m in Sources */,
			);
			runOnlyForDeploymentPostprocessing = 0;
		};
/* End PBXSourcesBuildPhase section */

/* Begin PBXVariantGroup section */
		4E9423801B1887F700798E3B /* Localizable.strings */ = {
			isa = PBXVariantGroup;
			children = (
				4E94237F1B1887F700798E3B /* en */,
				4E9423811B18881400798E3B /* ca */,
				4E9423821B18882E00798E3B /* fr */,
			);
			name = Localizable.strings;
			sourceTree = "<group>";
		};
		4EBCB78B1B186FBB00D7B257 /* Main.storyboard */ = {
			isa = PBXVariantGroup;
			children = (
				4EBCB78C1B186FBB00D7B257 /* Base */,
			);
			name = Main.storyboard;
			sourceTree = "<group>";
		};
		4EBCB7901B186FBB00D7B257 /* LaunchScreen.xib */ = {
			isa = PBXVariantGroup;
			children = (
				4EBCB7911B186FBB00D7B257 /* Base */,
			);
			name = LaunchScreen.xib;
			sourceTree = "<group>";
		};
/* End PBXVariantGroup section */

/* Begin XCBuildConfiguration section */
		4EBCB79F1B186FBB00D7B257 /* Debug */ = {
			isa = XCBuildConfiguration;
			buildSettings = {
				ALWAYS_SEARCH_USER_PATHS = NO;
				CLANG_CXX_LANGUAGE_STANDARD = "gnu++0x";
				CLANG_CXX_LIBRARY = "libc++";
				CLANG_ENABLE_MODULES = YES;
				CLANG_ENABLE_OBJC_ARC = YES;
				CLANG_WARN_BOOL_CONVERSION = YES;
				CLANG_WARN_CONSTANT_CONVERSION = YES;
				CLANG_WARN_DIRECT_OBJC_ISA_USAGE = YES_ERROR;
				CLANG_WARN_EMPTY_BODY = YES;
				CLANG_WARN_ENUM_CONVERSION = YES;
				CLANG_WARN_INT_CONVERSION = YES;
				CLANG_WARN_OBJC_ROOT_CLASS = YES_ERROR;
				CLANG_WARN_UNREACHABLE_CODE = YES;
				CLANG_WARN__DUPLICATE_METHOD_MATCH = YES;
				"CODE_SIGN_IDENTITY[sdk=iphoneos*]" = "iPhone Developer";
				COPY_PHASE_STRIP = NO;
				DEBUG_INFORMATION_FORMAT = "dwarf-with-dsym";
				ENABLE_BITCODE = YES;
				ENABLE_STRICT_OBJC_MSGSEND = YES;
				ENABLE_TESTABILITY = YES;
				GCC_C_LANGUAGE_STANDARD = gnu99;
				GCC_DYNAMIC_NO_PIC = NO;
				GCC_NO_COMMON_BLOCKS = YES;
				GCC_OPTIMIZATION_LEVEL = 0;
				GCC_PREPROCESSOR_DEFINITIONS = (
					"DEBUG=1",
					"$(inherited)",
				);
				GCC_SYMBOLS_PRIVATE_EXTERN = NO;
				GCC_WARN_64_TO_32_BIT_CONVERSION = YES;
				GCC_WARN_ABOUT_RETURN_TYPE = YES_ERROR;
				GCC_WARN_UNDECLARED_SELECTOR = YES;
				GCC_WARN_UNINITIALIZED_AUTOS = YES_AGGRESSIVE;
				GCC_WARN_UNUSED_FUNCTION = YES;
				GCC_WARN_UNUSED_VARIABLE = YES;
				IPHONEOS_DEPLOYMENT_TARGET = 8.3;
				MTL_ENABLE_DEBUG_INFO = YES;
				ONLY_ACTIVE_ARCH = YES;
				SDKROOT = iphoneos;
				TARGETED_DEVICE_FAMILY = "1,2";
				WARNING_CFLAGS = "-Wno-objc-designated-initializers";
			};
			name = Debug;
		};
		4EBCB7A01B186FBB00D7B257 /* Release */ = {
			isa = XCBuildConfiguration;
			buildSettings = {
				ALWAYS_SEARCH_USER_PATHS = NO;
				CLANG_CXX_LANGUAGE_STANDARD = "gnu++0x";
				CLANG_CXX_LIBRARY = "libc++";
				CLANG_ENABLE_MODULES = YES;
				CLANG_ENABLE_OBJC_ARC = YES;
				CLANG_WARN_BOOL_CONVERSION = YES;
				CLANG_WARN_CONSTANT_CONVERSION = YES;
				CLANG_WARN_DIRECT_OBJC_ISA_USAGE = YES_ERROR;
				CLANG_WARN_EMPTY_BODY = YES;
				CLANG_WARN_ENUM_CONVERSION = YES;
				CLANG_WARN_INT_CONVERSION = YES;
				CLANG_WARN_OBJC_ROOT_CLASS = YES_ERROR;
				CLANG_WARN_UNREACHABLE_CODE = YES;
				CLANG_WARN__DUPLICATE_METHOD_MATCH = YES;
				"CODE_SIGN_IDENTITY[sdk=iphoneos*]" = "iPhone Developer";
				COPY_PHASE_STRIP = NO;
				DEBUG_INFORMATION_FORMAT = "dwarf-with-dsym";
				ENABLE_BITCODE = YES;
				ENABLE_NS_ASSERTIONS = NO;
				ENABLE_STRICT_OBJC_MSGSEND = YES;
				GCC_C_LANGUAGE_STANDARD = gnu99;
				GCC_NO_COMMON_BLOCKS = YES;
				GCC_WARN_64_TO_32_BIT_CONVERSION = YES;
				GCC_WARN_ABOUT_RETURN_TYPE = YES_ERROR;
				GCC_WARN_UNDECLARED_SELECTOR = YES;
				GCC_WARN_UNINITIALIZED_AUTOS = YES_AGGRESSIVE;
				GCC_WARN_UNUSED_FUNCTION = YES;
				GCC_WARN_UNUSED_VARIABLE = YES;
				IPHONEOS_DEPLOYMENT_TARGET = 8.3;
				MTL_ENABLE_DEBUG_INFO = NO;
				SDKROOT = iphoneos;
				TARGETED_DEVICE_FAMILY = "1,2";
				VALIDATE_PRODUCT = YES;
				WARNING_CFLAGS = "-Wno-objc-designated-initializers";
			};
			name = Release;
		};
		4EBCB7A21B186FBB00D7B257 /* Debug */ = {
			isa = XCBuildConfiguration;
			buildSettings = {
				ASSETCATALOG_COMPILER_APPICON_NAME = AppIcon;
				ASSETCATALOG_COMPILER_LAUNCHIMAGE_NAME = LaunchImage;
				CLANG_ENABLE_MODULES = YES;
				CODE_SIGN_IDENTITY = "iPhone Developer";
				"CODE_SIGN_IDENTITY[sdk=iphoneos*]" = "iPhone Developer";
				DEBUG_INFORMATION_FORMAT = "dwarf-with-dsym";
				DEPLOYMENT_POSTPROCESSING = NO;
				ENABLE_BITCODE = YES;
				FRAMEWORK_SEARCH_PATHS = (
					"$(inherited)",
					"$(PROJECT_DIR)/Frameworks",
					"$(PROJECT_DIR)",
				);
				GCC_GENERATE_DEBUGGING_SYMBOLS = YES;
				GCC_OPTIMIZATION_LEVEL = s;
				GCC_SYMBOLS_PRIVATE_EXTERN = NO;
				IBSC_ERRORS = YES;
				IBSC_WARNINGS = NO;
				INFOPLIST_FILE = Navigation/Info.plist;
				IPHONEOS_DEPLOYMENT_TARGET = 7.0;
				LD_RUNPATH_SEARCH_PATHS = "$(inherited) @executable_path/Frameworks";
				ONLY_ACTIVE_ARCH = NO;
				OTHER_LDFLAGS = "-ObjC";
				PRODUCT_BUNDLE_IDENTIFIER = "com.oym.indoor.$(PRODUCT_NAME:rfc1034identifier)";
				PRODUCT_NAME = "$(TARGET_NAME)";
				PROVISIONING_PROFILE = "";
				STRIP_INSTALLED_PRODUCT = NO;
			};
			name = Debug;
		};
		4EBCB7A31B186FBB00D7B257 /* Release */ = {
			isa = XCBuildConfiguration;
			buildSettings = {
				ASSETCATALOG_COMPILER_APPICON_NAME = AppIcon;
				ASSETCATALOG_COMPILER_LAUNCHIMAGE_NAME = LaunchImage;
				CLANG_ENABLE_MODULES = YES;
				CODE_SIGN_IDENTITY = "iPhone Developer";
				"CODE_SIGN_IDENTITY[sdk=iphoneos*]" = "iPhone Developer";
				DEBUG_INFORMATION_FORMAT = "dwarf-with-dsym";
				DEPLOYMENT_POSTPROCESSING = NO;
				ENABLE_BITCODE = YES;
				FRAMEWORK_SEARCH_PATHS = (
					"$(inherited)",
					"$(PROJECT_DIR)/Frameworks",
					"$(PROJECT_DIR)",
				);
				GCC_GENERATE_DEBUGGING_SYMBOLS = YES;
				GCC_OPTIMIZATION_LEVEL = s;
				GCC_SYMBOLS_PRIVATE_EXTERN = YES;
				IBSC_ERRORS = YES;
				IBSC_WARNINGS = NO;
				INFOPLIST_FILE = Navigation/Info.plist;
				IPHONEOS_DEPLOYMENT_TARGET = 7.0;
				LD_RUNPATH_SEARCH_PATHS = "$(inherited) @executable_path/Frameworks";
				OTHER_LDFLAGS = "-ObjC";
				PRODUCT_BUNDLE_IDENTIFIER = "com.oym.indoor.$(PRODUCT_NAME:rfc1034identifier)";
				PRODUCT_NAME = "$(TARGET_NAME)";
				PROVISIONING_PROFILE = "";
				STRIP_INSTALLED_PRODUCT = NO;
			};
			name = Release;
		};
/* End XCBuildConfiguration section */

/* Begin XCConfigurationList section */
		4EBCB7791B186FBB00D7B257 /* Build configuration list for PBXProject "Navigation" */ = {
			isa = XCConfigurationList;
			buildConfigurations = (
				4EBCB79F1B186FBB00D7B257 /* Debug */,
				4EBCB7A01B186FBB00D7B257 /* Release */,
			);
			defaultConfigurationIsVisible = 0;
			defaultConfigurationName = Release;
		};
		4EBCB7A11B186FBB00D7B257 /* Build configuration list for PBXNativeTarget "Navigation" */ = {
			isa = XCConfigurationList;
			buildConfigurations = (
				4EBCB7A21B186FBB00D7B257 /* Debug */,
				4EBCB7A31B186FBB00D7B257 /* Release */,
			);
			defaultConfigurationIsVisible = 0;
			defaultConfigurationName = Release;
		};
/* End XCConfigurationList section */
	};
	rootObject = 4EBCB7761B186FBB00D7B257 /* Project object */;
}
